
Microsoft Visual Studio Solution File, Format Version 12.00
# Visual Studio 2013
VisualStudioVersion = 12.0.21005.1
MinimumVisualStudioVersion = 10.0.40219.1
Project("{FAE04EC0-301F-11D3-BF4B-00C04F79EFBC}") = "WPF Game of Life", "WPF Game of Life\WPF Game of Life.csproj", "{49753CBF-0710-4C04-A352-E55143CD091E}"
EndProject
Global
	GlobalSection(SolutionConfigurationPlatforms) = preSolution
		Debug|Any CPU = Debug|Any CPU
		Release|Any CPU = Release|Any CPU
	EndGlobalSection
	GlobalSection(ProjectConfigurationPlatforms) = postSolution
		{49753CBF-0710-4C04-A352-E55143CD091E}.Debug|Any CPU.ActiveCfg = Debug|Any CPU
		{49753CBF-0710-4C04-A352-E55143CD091E}.Debug|Any CPU.Build.0 = Debug|Any CPU
		{49753CBF-0710-4C04-A352-E55143CD091E}.Release|Any CPU.ActiveCfg = Release|Any CPU
		{49753CBF-0710-4C04-A352-E55143CD091E}.Release|Any CPU.Build.0 = Release|Any CPU
	EndGlobalSection
	GlobalSection(SolutionProperties) = preSolution
		HideSolutionNode = FALSE
	EndGlobalSection
EndGlobal
